
Microsoft Visual Studio Solution File, Format Version 12.00
# Visual Studio Version 16
VisualStudioVersion = 16.0.31911.196
MinimumVisualStudioVersion = 10.0.40219.1
Project("{FAE04EC0-301F-11D3-BF4B-00C04F79EFBC}") = "UCP1_PAW_017_A", "UCP1_PAW_017_A\UCP1_PAW_017_A.csproj", "{1192D5DB-A6C9-467C-8534-56C387C69861}"
EndProject
Global
	GlobalSection(SolutionConfigurationPlatforms) = preSolution
		Debug|Any CPU = Debug|Any CPU
		Release|Any CPU = Release|Any CPU
	EndGlobalSection
	GlobalSection(ProjectConfigurationPlatforms) = postSolution
		{1192D5DB-A6C9-467C-8534-56C387C69861}.Debug|Any CPU.ActiveCfg = Debug|Any CPU
		{1192D5DB-A6C9-467C-8534-56C387C69861}.Debug|Any CPU.Build.0 = Debug|Any CPU
		{1192D5DB-A6C9-467C-8534-56C387C69861}.Release|Any CPU.ActiveCfg = Release|Any CPU
		{1192D5DB-A6C9-467C-8534-56C387C69861}.Release|Any CPU.Build.0 = Release|Any CPU
	EndGlobalSection
	GlobalSection(SolutionProperties) = preSolution
		HideSolutionNode = FALSE
	EndGlobalSection
	GlobalSection(ExtensibilityGlobals) = postSolution
		SolutionGuid = {FC244C67-5154-4B5A-A55F-6AB784A22327}
	EndGlobalSection
EndGlobal
